{
  "object": {
    "pins": [
      {
        "package": "NeumorphismUI",
        "repositoryURL": "https://github.com/tsuzukihashi/NeumorphismUI",
        "state": {
          "branch": null,
          "revision": "e6d8d6cb283f8189f070c28fe353131acccbf19c",
          "version": "0.4.7"
        }
      }
    ]
  },
  "version": 1
}
